
Microsoft Visual Studio Solution File, Format Version 12.00
# Visual Studio Version 17
VisualStudioVersion = 17.9.34728.123
MinimumVisualStudioVersion = 10.0.40219.1
Project("{FAE04EC0-301F-11D3-BF4B-00C04F79EFBC}") = "6.conversion_parse_and_tryparse", "6.conversion_parse_and_tryparse\6.conversion_parse_and_tryparse.csproj", "{FDB1F71A-D572-4676-AA27-082F553FF35D}"
EndProject
Global
	GlobalSection(SolutionConfigurationPlatforms) = preSolution
		Debug|Any CPU = Debug|Any CPU
		Debug|x64 = Debug|x64
		Release|Any CPU = Release|Any CPU
		Release|x64 = Release|x64
	EndGlobalSection
	GlobalSection(ProjectConfigurationPlatforms) = postSolution
		{FDB1F71A-D572-4676-AA27-082F553FF35D}.Debug|Any CPU.ActiveCfg = Debug|Any CPU
		{FDB1F71A-D572-4676-AA27-082F553FF35D}.Debug|Any CPU.Build.0 = Debug|Any CPU
		{FDB1F71A-D572-4676-AA27-082F553FF35D}.Debug|x64.ActiveCfg = Debug|x64
		{FDB1F71A-D572-4676-AA27-082F553FF35D}.Debug|x64.Build.0 = Debug|x64
		{FDB1F71A-D572-4676-AA27-082F553FF35D}.Release|Any CPU.ActiveCfg = Release|Any CPU
		{FDB1F71A-D572-4676-AA27-082F553FF35D}.Release|Any CPU.Build.0 = Release|Any CPU
		{FDB1F71A-D572-4676-AA27-082F553FF35D}.Release|x64.ActiveCfg = Release|x64
		{FDB1F71A-D572-4676-AA27-082F553FF35D}.Release|x64.Build.0 = Release|x64
	EndGlobalSection
	GlobalSection(SolutionProperties) = preSolution
		HideSolutionNode = FALSE
	EndGlobalSection
	GlobalSection(ExtensibilityGlobals) = postSolution
		SolutionGuid = {818F9C07-B43E-4696-97D2-13BFE99CD1BC}
	EndGlobalSection
EndGlobal
